
Microsoft Visual Studio Solution File, Format Version 12.00
# Visual Studio Version 16
VisualStudioVersion = 16.0.31605.320
MinimumVisualStudioVersion = 10.0.40219.1
Project("{9A19103F-16F7-4668-BE54-9A1E7A4F7556}") = "SwimmingWebApp", "SwimmingWebApp\SwimmingWebApp.csproj", "{B8692F7E-A438-4125-8D48-3B825059F86B}"
EndProject
Project("{FAE04EC0-301F-11D3-BF4B-00C04F79EFBC}") = "SwimmingWebApp.DAL", "SwimmingWebApp.DAL\SwimmingWebApp.DAL.csproj", "{19305E41-F7B4-4D99-9F14-CC89D3CE0ECD}"
EndProject
Global
	GlobalSection(SolutionConfigurationPlatforms) = preSolution
		Debug|Any CPU = Debug|Any CPU
		Release|Any CPU = Release|Any CPU
	EndGlobalSection
	GlobalSection(ProjectConfigurationPlatforms) = postSolution
		{B8692F7E-A438-4125-8D48-3B825059F86B}.Debug|Any CPU.ActiveCfg = Debug|Any CPU
		{B8692F7E-A438-4125-8D48-3B825059F86B}.Debug|Any CPU.Build.0 = Debug|Any CPU
		{B8692F7E-A438-4125-8D48-3B825059F86B}.Release|Any CPU.ActiveCfg = Release|Any CPU
		{B8692F7E-A438-4125-8D48-3B825059F86B}.Release|Any CPU.Build.0 = Release|Any CPU
		{19305E41-F7B4-4D99-9F14-CC89D3CE0ECD}.Debug|Any CPU.ActiveCfg = Debug|Any CPU
		{19305E41-F7B4-4D99-9F14-CC89D3CE0ECD}.Debug|Any CPU.Build.0 = Debug|Any CPU
		{19305E41-F7B4-4D99-9F14-CC89D3CE0ECD}.Release|Any CPU.ActiveCfg = Release|Any CPU
		{19305E41-F7B4-4D99-9F14-CC89D3CE0ECD}.Release|Any CPU.Build.0 = Release|Any CPU
	EndGlobalSection
	GlobalSection(SolutionProperties) = preSolution
		HideSolutionNode = FALSE
	EndGlobalSection
	GlobalSection(ExtensibilityGlobals) = postSolution
		SolutionGuid = {447A2EF1-1003-45BC-8186-D43567342D30}
	EndGlobalSection
EndGlobal
